
Microsoft Visual Studio Solution File, Format Version 12.00
# Visual Studio Version 17
VisualStudioVersion = 17.2.32526.322
MinimumVisualStudioVersion = 10.0.40219.1
Project("{9A19103F-16F7-4668-BE54-9A1E7A4F7556}") = "CustomerApiQuery", "CustomerApiQuery\CustomerApiQuery.csproj", "{0FB32C45-1E9E-4CCF-BE48-F21B941ECEF2}"
EndProject
Project("{FAE04EC0-301F-11D3-BF4B-00C04F79EFBC}") = "CustomerApiQuery_Tests", "CustomerApiQuery_Tests\CustomerApiQuery_Tests.csproj", "{B36A6A5F-56B4-438A-B2B0-2239270F8C4D}"
EndProject
Global
	GlobalSection(SolutionConfigurationPlatforms) = preSolution
		Debug|Any CPU = Debug|Any CPU
		Release|Any CPU = Release|Any CPU
	EndGlobalSection
	GlobalSection(ProjectConfigurationPlatforms) = postSolution
		{0FB32C45-1E9E-4CCF-BE48-F21B941ECEF2}.Debug|Any CPU.ActiveCfg = Debug|Any CPU
		{0FB32C45-1E9E-4CCF-BE48-F21B941ECEF2}.Debug|Any CPU.Build.0 = Debug|Any CPU
		{0FB32C45-1E9E-4CCF-BE48-F21B941ECEF2}.Release|Any CPU.ActiveCfg = Release|Any CPU
		{0FB32C45-1E9E-4CCF-BE48-F21B941ECEF2}.Release|Any CPU.Build.0 = Release|Any CPU
		{B36A6A5F-56B4-438A-B2B0-2239270F8C4D}.Debug|Any CPU.ActiveCfg = Debug|Any CPU
		{B36A6A5F-56B4-438A-B2B0-2239270F8C4D}.Debug|Any CPU.Build.0 = Debug|Any CPU
		{B36A6A5F-56B4-438A-B2B0-2239270F8C4D}.Release|Any CPU.ActiveCfg = Release|Any CPU
		{B36A6A5F-56B4-438A-B2B0-2239270F8C4D}.Release|Any CPU.Build.0 = Release|Any CPU
	EndGlobalSection
	GlobalSection(SolutionProperties) = preSolution
		HideSolutionNode = FALSE
	EndGlobalSection
	GlobalSection(ExtensibilityGlobals) = postSolution
		SolutionGuid = {89F0DE1E-A06B-41F6-B23D-75F20465A4C2}
	EndGlobalSection
EndGlobal
